
Microsoft Visual Studio Solution File, Format Version 12.00
# Visual Studio Version 16
VisualStudioVersion = 16.0.30611.23
MinimumVisualStudioVersion = 10.0.40219.1
Project("{FAE04EC0-301F-11D3-BF4B-00C04F79EFBC}") = "RMDataManager", "RMDataManager\RMDataManager.csproj", "{ED2736F6-DE66-425C-A135-B0454BA2DA61}"
EndProject
Project("{00D1A9C2-B5F0-4AF3-8072-F6C62B433612}") = "RMData", "RMData\RMData.sqlproj", "{461E20C5-C18F-43FA-8C20-0AD100B640DC}"
EndProject
Project("{FAE04EC0-301F-11D3-BF4B-00C04F79EFBC}") = "RMDesktopUI", "RMDesktopUI\RMDesktopUI.csproj", "{9CF7FBE9-C2A1-4111-AA4C-189326FBBFC9}"
EndProject
Global
	GlobalSection(SolutionConfigurationPlatforms) = preSolution
		Debug|Any CPU = Debug|Any CPU
		Release|Any CPU = Release|Any CPU
	EndGlobalSection
	GlobalSection(ProjectConfigurationPlatforms) = postSolution
		{ED2736F6-DE66-425C-A135-B0454BA2DA61}.Debug|Any CPU.ActiveCfg = Debug|Any CPU
		{ED2736F6-DE66-425C-A135-B0454BA2DA61}.Debug|Any CPU.Build.0 = Debug|Any CPU
		{ED2736F6-DE66-425C-A135-B0454BA2DA61}.Release|Any CPU.ActiveCfg = Release|Any CPU
		{ED2736F6-DE66-425C-A135-B0454BA2DA61}.Release|Any CPU.Build.0 = Release|Any CPU
		{461E20C5-C18F-43FA-8C20-0AD100B640DC}.Debug|Any CPU.ActiveCfg = Debug|Any CPU
		{461E20C5-C18F-43FA-8C20-0AD100B640DC}.Debug|Any CPU.Build.0 = Debug|Any CPU
		{461E20C5-C18F-43FA-8C20-0AD100B640DC}.Debug|Any CPU.Deploy.0 = Debug|Any CPU
		{461E20C5-C18F-43FA-8C20-0AD100B640DC}.Release|Any CPU.ActiveCfg = Release|Any CPU
		{461E20C5-C18F-43FA-8C20-0AD100B640DC}.Release|Any CPU.Build.0 = Release|Any CPU
		{461E20C5-C18F-43FA-8C20-0AD100B640DC}.Release|Any CPU.Deploy.0 = Release|Any CPU
		{9CF7FBE9-C2A1-4111-AA4C-189326FBBFC9}.Debug|Any CPU.ActiveCfg = Debug|Any CPU
		{9CF7FBE9-C2A1-4111-AA4C-189326FBBFC9}.Debug|Any CPU.Build.0 = Debug|Any CPU
		{9CF7FBE9-C2A1-4111-AA4C-189326FBBFC9}.Release|Any CPU.ActiveCfg = Release|Any CPU
		{9CF7FBE9-C2A1-4111-AA4C-189326FBBFC9}.Release|Any CPU.Build.0 = Release|Any CPU
	EndGlobalSection
	GlobalSection(SolutionProperties) = preSolution
		HideSolutionNode = FALSE
	EndGlobalSection
	GlobalSection(ExtensibilityGlobals) = postSolution
		SolutionGuid = {B2B89AD1-CE30-45BB-B9AB-7A4CBBC82786}
	EndGlobalSection
EndGlobal
